
Microsoft Visual Studio Solution File, Format Version 12.00
# Visual Studio Version 16
VisualStudioVersion = 16.0.30626.31
MinimumVisualStudioVersion = 10.0.40219.1
Project("{FAE04EC0-301F-11D3-BF4B-00C04F79EFBC}") = "MemberShipWebsite", "MemberShipWebsite.csproj", "{17EA3AC8-43D9-46C9-AE91-3F155FD73E0A}"
EndProject
Global
	GlobalSection(SolutionConfigurationPlatforms) = preSolution
		Debug|Any CPU = Debug|Any CPU
		Release|Any CPU = Release|Any CPU
	EndGlobalSection
	GlobalSection(ProjectConfigurationPlatforms) = postSolution
		{17EA3AC8-43D9-46C9-AE91-3F155FD73E0A}.Debug|Any CPU.ActiveCfg = Debug|Any CPU
		{17EA3AC8-43D9-46C9-AE91-3F155FD73E0A}.Debug|Any CPU.Build.0 = Debug|Any CPU
		{17EA3AC8-43D9-46C9-AE91-3F155FD73E0A}.Release|Any CPU.ActiveCfg = Release|Any CPU
		{17EA3AC8-43D9-46C9-AE91-3F155FD73E0A}.Release|Any CPU.Build.0 = Release|Any CPU
	EndGlobalSection
	GlobalSection(SolutionProperties) = preSolution
		HideSolutionNode = FALSE
	EndGlobalSection
	GlobalSection(ExtensibilityGlobals) = postSolution
		SolutionGuid = {81F34EE7-C17E-4E0A-9BAA-5489BB93A72F}
	EndGlobalSection
EndGlobal
